{"filter":false,"title":"package-lock.json","tooltip":"/study-sync/package-lock.json","undoManager":{"mark":-1,"position":-1,"stack":[]},"ace":{"folds":[],"scrolltop":0,"scrollleft":0,"selection":{"start":{"row":0,"column":0},"end":{"row":0,"column":0},"isBackwards":false},"options":{"guessTabSize":true,"useWrapMode":false,"wrapToView":true},"firstLineState":0},"timestamp":1597157138696,"hash":"863ee1c243cbbedadd1db5b041b98ffa9cb79933"}